
Microsoft Visual Studio Solution File, Format Version 12.00
# Visual Studio Version 17
VisualStudioVersion = 17.12.35506.116
MinimumVisualStudioVersion = 10.0.40219.1
Project("{2150E333-8FDC-42A3-9474-1A3956D46DE8}") = "src", "src", "{02BD23D4-1601-4521-81FC-754F41509490}"
EndProject
Project("{2150E333-8FDC-42A3-9474-1A3956D46DE8}") = "tests", "tests", "{576BED07-7CCC-4DC1-9D53-3833710E5937}"
EndProject
Project("{FAE04EC0-301F-11D3-BF4B-00C04F79EFBC}") = "Capitan360.Domain", "src\Capitan360.Domain\Capitan360.Domain.csproj", "{DDC356A6-4ABE-45F5-B4B8-A3394888E4C3}"
EndProject
Project("{FAE04EC0-301F-11D3-BF4B-00C04F79EFBC}") = "Capitan360.Api", "src\Capitan360.Api\Capitan360.Api.csproj", "{4E8A0E3B-DE62-4A80-9753-1AD0F76F2795}"
EndProject
Project("{FAE04EC0-301F-11D3-BF4B-00C04F79EFBC}") = "Capitan360.Application", "src\Capitan360.Application\Capitan360.Application.csproj", "{2B8187CB-B543-4E68-BA70-C4C8E2E99432}"
EndProject
Project("{FAE04EC0-301F-11D3-BF4B-00C04F79EFBC}") = "Capitan360.Infrastructure", "src\Capitan360.Infrastructure\Capitan360.Infrastructure.csproj", "{E9EA0C78-29DA-4C72-B5D2-E3FEBB0B237E}"
EndProject
Global
	GlobalSection(SolutionConfigurationPlatforms) = preSolution
		Debug|Any CPU = Debug|Any CPU
		Release|Any CPU = Release|Any CPU
	EndGlobalSection
	GlobalSection(ProjectConfigurationPlatforms) = postSolution
		{DDC356A6-4ABE-45F5-B4B8-A3394888E4C3}.Debug|Any CPU.ActiveCfg = Debug|Any CPU
		{DDC356A6-4ABE-45F5-B4B8-A3394888E4C3}.Debug|Any CPU.Build.0 = Debug|Any CPU
		{DDC356A6-4ABE-45F5-B4B8-A3394888E4C3}.Release|Any CPU.ActiveCfg = Release|Any CPU
		{DDC356A6-4ABE-45F5-B4B8-A3394888E4C3}.Release|Any CPU.Build.0 = Release|Any CPU
		{4E8A0E3B-DE62-4A80-9753-1AD0F76F2795}.Debug|Any CPU.ActiveCfg = Debug|Any CPU
		{4E8A0E3B-DE62-4A80-9753-1AD0F76F2795}.Debug|Any CPU.Build.0 = Debug|Any CPU
		{4E8A0E3B-DE62-4A80-9753-1AD0F76F2795}.Release|Any CPU.ActiveCfg = Release|Any CPU
		{4E8A0E3B-DE62-4A80-9753-1AD0F76F2795}.Release|Any CPU.Build.0 = Release|Any CPU
		{2B8187CB-B543-4E68-BA70-C4C8E2E99432}.Debug|Any CPU.ActiveCfg = Debug|Any CPU
		{2B8187CB-B543-4E68-BA70-C4C8E2E99432}.Debug|Any CPU.Build.0 = Debug|Any CPU
		{2B8187CB-B543-4E68-BA70-C4C8E2E99432}.Release|Any CPU.ActiveCfg = Release|Any CPU
		{2B8187CB-B543-4E68-BA70-C4C8E2E99432}.Release|Any CPU.Build.0 = Release|Any CPU
		{E9EA0C78-29DA-4C72-B5D2-E3FEBB0B237E}.Debug|Any CPU.ActiveCfg = Debug|Any CPU
		{E9EA0C78-29DA-4C72-B5D2-E3FEBB0B237E}.Debug|Any CPU.Build.0 = Debug|Any CPU
		{E9EA0C78-29DA-4C72-B5D2-E3FEBB0B237E}.Release|Any CPU.ActiveCfg = Release|Any CPU
		{E9EA0C78-29DA-4C72-B5D2-E3FEBB0B237E}.Release|Any CPU.Build.0 = Release|Any CPU
	EndGlobalSection
	GlobalSection(SolutionProperties) = preSolution
		HideSolutionNode = FALSE
	EndGlobalSection
	GlobalSection(NestedProjects) = preSolution
		{DDC356A6-4ABE-45F5-B4B8-A3394888E4C3} = {02BD23D4-1601-4521-81FC-754F41509490}
		{4E8A0E3B-DE62-4A80-9753-1AD0F76F2795} = {02BD23D4-1601-4521-81FC-754F41509490}
		{2B8187CB-B543-4E68-BA70-C4C8E2E99432} = {02BD23D4-1601-4521-81FC-754F41509490}
		{E9EA0C78-29DA-4C72-B5D2-E3FEBB0B237E} = {02BD23D4-1601-4521-81FC-754F41509490}
	EndGlobalSection
EndGlobal
